
Microsoft Visual Studio Solution File, Format Version 12.00
# Visual Studio Version 16
VisualStudioVersion = 16.0.30114.105
MinimumVisualStudioVersion = 10.0.40219.1
Project("{FAE04EC0-301F-11D3-BF4B-00C04F79EFBC}") = "WebAPI", "WebAPI\WebAPI.csproj", "{09327EB1-1B41-494A-86E7-89418438B6FB}"
EndProject
Global
	GlobalSection(SolutionConfigurationPlatforms) = preSolution
		Debug|Any CPU = Debug|Any CPU
		Release|Any CPU = Release|Any CPU
	EndGlobalSection
	GlobalSection(ProjectConfigurationPlatforms) = postSolution
		{09327EB1-1B41-494A-86E7-89418438B6FB}.Debug|Any CPU.ActiveCfg = Debug|Any CPU
		{09327EB1-1B41-494A-86E7-89418438B6FB}.Debug|Any CPU.Build.0 = Debug|Any CPU
		{09327EB1-1B41-494A-86E7-89418438B6FB}.Release|Any CPU.ActiveCfg = Release|Any CPU
		{09327EB1-1B41-494A-86E7-89418438B6FB}.Release|Any CPU.Build.0 = Release|Any CPU
	EndGlobalSection
	GlobalSection(SolutionProperties) = preSolution
		HideSolutionNode = FALSE
	EndGlobalSection
	GlobalSection(ExtensibilityGlobals) = postSolution
		SolutionGuid = {8241C3EA-8826-41D7-8262-B5D787BB9075}
	EndGlobalSection
EndGlobal
